
Microsoft Visual Studio Solution File, Format Version 12.00
# Visual Studio 15
VisualStudioVersion = 15.0.28307.271
MinimumVisualStudioVersion = 10.0.40219.1
Project("{FAE04EC0-301F-11D3-BF4B-00C04F79EFBC}") = "UrlShortener", "UrlShortener\UrlShortener.csproj", "{523317C7-1DF3-48F5-A508-CC778B018E7A}"
EndProject
Global
	GlobalSection(SolutionConfigurationPlatforms) = preSolution
		Debug|Any CPU = Debug|Any CPU
		Release|Any CPU = Release|Any CPU
	EndGlobalSection
	GlobalSection(ProjectConfigurationPlatforms) = postSolution
		{523317C7-1DF3-48F5-A508-CC778B018E7A}.Debug|Any CPU.ActiveCfg = Debug|Any CPU
		{523317C7-1DF3-48F5-A508-CC778B018E7A}.Debug|Any CPU.Build.0 = Debug|Any CPU
		{523317C7-1DF3-48F5-A508-CC778B018E7A}.Release|Any CPU.ActiveCfg = Release|Any CPU
		{523317C7-1DF3-48F5-A508-CC778B018E7A}.Release|Any CPU.Build.0 = Release|Any CPU
	EndGlobalSection
	GlobalSection(SolutionProperties) = preSolution
		HideSolutionNode = FALSE
	EndGlobalSection
	GlobalSection(ExtensibilityGlobals) = postSolution
		SolutionGuid = {87C5605B-CBDF-4C2B-A84C-562C4F24AA33}
	EndGlobalSection
EndGlobal
